
Microsoft Visual Studio Solution File, Format Version 12.00
# Visual Studio Version 16
VisualStudioVersion = 16.0.34301.259
MinimumVisualStudioVersion = 10.0.40219.1
Project("{8BC9CEB8-8B4A-11D0-8D11-00A0C91BC942}") = "RacingCarClassBase", "RacingCarClassBase\RacingCarClassBase.vcxproj", "{D922D036-E279-4206-A493-C7071C33259B}"
EndProject
Global
	GlobalSection(SolutionConfigurationPlatforms) = preSolution
		Debug|x64 = Debug|x64
		Debug|x86 = Debug|x86
		Release|x64 = Release|x64
		Release|x86 = Release|x86
	EndGlobalSection
	GlobalSection(ProjectConfigurationPlatforms) = postSolution
		{D922D036-E279-4206-A493-C7071C33259B}.Debug|x64.ActiveCfg = Debug|x64
		{D922D036-E279-4206-A493-C7071C33259B}.Debug|x64.Build.0 = Debug|x64
		{D922D036-E279-4206-A493-C7071C33259B}.Debug|x86.ActiveCfg = Debug|Win32
		{D922D036-E279-4206-A493-C7071C33259B}.Debug|x86.Build.0 = Debug|Win32
		{D922D036-E279-4206-A493-C7071C33259B}.Release|x64.ActiveCfg = Release|x64
		{D922D036-E279-4206-A493-C7071C33259B}.Release|x64.Build.0 = Release|x64
		{D922D036-E279-4206-A493-C7071C33259B}.Release|x86.ActiveCfg = Release|Win32
		{D922D036-E279-4206-A493-C7071C33259B}.Release|x86.Build.0 = Release|Win32
	EndGlobalSection
	GlobalSection(SolutionProperties) = preSolution
		HideSolutionNode = FALSE
	EndGlobalSection
	GlobalSection(ExtensibilityGlobals) = postSolution
		SolutionGuid = {3F075093-E0EE-4132-8352-B75E1E624B43}
	EndGlobalSection
EndGlobal
