
Microsoft Visual Studio Solution File, Format Version 12.00
# Visual Studio Version 16
VisualStudioVersion = 16.0.34301.259
MinimumVisualStudioVersion = 10.0.40219.1
Project("{8BC9CEB8-8B4A-11D0-8D11-00A0C91BC942}") = "139ptest", "139ptest\139ptest.vcxproj", "{A472A9DB-BE7F-4AF1-8B13-AF0C32288927}"
EndProject
Global
	GlobalSection(SolutionConfigurationPlatforms) = preSolution
		Debug|x64 = Debug|x64
		Debug|x86 = Debug|x86
		Release|x64 = Release|x64
		Release|x86 = Release|x86
	EndGlobalSection
	GlobalSection(ProjectConfigurationPlatforms) = postSolution
		{A472A9DB-BE7F-4AF1-8B13-AF0C32288927}.Debug|x64.ActiveCfg = Debug|x64
		{A472A9DB-BE7F-4AF1-8B13-AF0C32288927}.Debug|x64.Build.0 = Debug|x64
		{A472A9DB-BE7F-4AF1-8B13-AF0C32288927}.Debug|x86.ActiveCfg = Debug|Win32
		{A472A9DB-BE7F-4AF1-8B13-AF0C32288927}.Debug|x86.Build.0 = Debug|Win32
		{A472A9DB-BE7F-4AF1-8B13-AF0C32288927}.Release|x64.ActiveCfg = Release|x64
		{A472A9DB-BE7F-4AF1-8B13-AF0C32288927}.Release|x64.Build.0 = Release|x64
		{A472A9DB-BE7F-4AF1-8B13-AF0C32288927}.Release|x86.ActiveCfg = Release|Win32
		{A472A9DB-BE7F-4AF1-8B13-AF0C32288927}.Release|x86.Build.0 = Release|Win32
	EndGlobalSection
	GlobalSection(SolutionProperties) = preSolution
		HideSolutionNode = FALSE
	EndGlobalSection
	GlobalSection(ExtensibilityGlobals) = postSolution
		SolutionGuid = {9695C81A-56C1-4328-BD5E-81531170CD45}
	EndGlobalSection
EndGlobal
